{"1.2.0",
[{<<"cowboy">>,{pkg,<<"cowboy">>,<<"2.6.0">>},0},
 {<<"cowlib">>,{pkg,<<"cowlib">>,<<"2.7.3">>},1},
 {<<"iso8601">>,{pkg,<<"iso8601">>,<<"1.3.1">>},0},
 {<<"jsone">>,{pkg,<<"jsone">>,<<"1.5.5">>},0},
 {<<"ranch">>,{pkg,<<"ranch">>,<<"1.7.1">>},1}]}.
[
{pkg_hash,[
 {<<"cowboy">>, <<"DC1FF5354C89E36A3E3EF8D10433396DCFF0DCBB1D4223B58C64C2D51A6D88D9">>},
 {<<"cowlib">>, <<"A7FFCD0917E6D50B4D5FB28E9E2085A0CEB3C97DEA310505F7460FF5ED764CE9">>},
 {<<"iso8601">>, <<"D1CEE73F56D71C35590C6B2DB2074873BF410BABAAB768F6EA566366D8CA4810">>},
 {<<"jsone">>, <<"E88519CA0427C83D0106C773AFA7231429D0221AAE9A4A4B11F9CA73EC18978A">>},
 {<<"ranch">>, <<"6B1FAB51B49196860B733A49C07604465A47BDB78AA10C1C16A3D199F7F8C881">>}]},
{pkg_hash_ext,[
 {<<"cowboy">>, <<"FF7CF0FB7A2762F423D845468B32ED4EDB5C7E0D78E6875B0628153239A7BB34">>},
 {<<"cowlib">>, <<"1E1A3D176D52DAEBBECBBCDFD27C27726076567905C2A9D7398C54DA9D225761">>},
 {<<"iso8601">>, <<"A8B00594F4309A41D17BA4AEAB2B94DFE1F4BE99F263BC1F46DAC9002CE99A29">>},
 {<<"jsone">>, <<"ECB60CBA1323679209686EEB56EB10A57B31CEB601D96840B04D8C6D39FB9CF5">>},
 {<<"ranch">>, <<"451D8527787DF716D99DC36162FCA05934915DB0B6141BBDAC2EA8D3C7AFC7D7">>}]}
].
